
Microsoft Visual Studio Solution File, Format Version 12.00
# Visual Studio Version 16
VisualStudioVersion = 16.0.30204.135
MinimumVisualStudioVersion = 10.0.40219.1
Project("{FAE04EC0-301F-11D3-BF4B-00C04F79EFBC}") = "WebApplication1", "WebApplication1\WebApplication1.csproj", "{72641B66-63B0-4B8F-9782-9C5C220E571B}"
EndProject
Project("{FAE04EC0-301F-11D3-BF4B-00C04F79EFBC}") = "CommonLibrary", "ClassLibrary2\CommonLibrary.csproj", "{4C4A3C52-31B6-4B5C-9431-F9A91958125E}"
EndProject
Project("{FAE04EC0-301F-11D3-BF4B-00C04F79EFBC}") = "ApiEmployee", "..\..\ApiEmployee\ApiEmployee\ApiEmployee.csproj", "{95B1CA90-B427-4980-A1ED-F57D8042988C}"
EndProject
Global
	GlobalSection(SolutionConfigurationPlatforms) = preSolution
		Debug|Any CPU = Debug|Any CPU
		Release|Any CPU = Release|Any CPU
	EndGlobalSection
	GlobalSection(ProjectConfigurationPlatforms) = postSolution
		{72641B66-63B0-4B8F-9782-9C5C220E571B}.Debug|Any CPU.ActiveCfg = Debug|Any CPU
		{72641B66-63B0-4B8F-9782-9C5C220E571B}.Debug|Any CPU.Build.0 = Debug|Any CPU
		{72641B66-63B0-4B8F-9782-9C5C220E571B}.Release|Any CPU.ActiveCfg = Release|Any CPU
		{72641B66-63B0-4B8F-9782-9C5C220E571B}.Release|Any CPU.Build.0 = Release|Any CPU
		{4C4A3C52-31B6-4B5C-9431-F9A91958125E}.Debug|Any CPU.ActiveCfg = Debug|Any CPU
		{4C4A3C52-31B6-4B5C-9431-F9A91958125E}.Debug|Any CPU.Build.0 = Debug|Any CPU
		{4C4A3C52-31B6-4B5C-9431-F9A91958125E}.Release|Any CPU.ActiveCfg = Release|Any CPU
		{4C4A3C52-31B6-4B5C-9431-F9A91958125E}.Release|Any CPU.Build.0 = Release|Any CPU
		{95B1CA90-B427-4980-A1ED-F57D8042988C}.Debug|Any CPU.ActiveCfg = Debug|Any CPU
		{95B1CA90-B427-4980-A1ED-F57D8042988C}.Debug|Any CPU.Build.0 = Debug|Any CPU
		{95B1CA90-B427-4980-A1ED-F57D8042988C}.Release|Any CPU.ActiveCfg = Release|Any CPU
		{95B1CA90-B427-4980-A1ED-F57D8042988C}.Release|Any CPU.Build.0 = Release|Any CPU
	EndGlobalSection
	GlobalSection(SolutionProperties) = preSolution
		HideSolutionNode = FALSE
	EndGlobalSection
	GlobalSection(ExtensibilityGlobals) = postSolution
		SolutionGuid = {4131169E-5676-4322-9BA6-21A6D0D84049}
	EndGlobalSection
EndGlobal
